
Microsoft Visual Studio Solution File, Format Version 12.00
# Visual Studio Version 17
VisualStudioVersion = 17.0.31903.59
MinimumVisualStudioVersion = 10.0.40219.1
Project("{2150E333-8FDC-42A3-9474-1A3956D46DE8}") = "src", "src", "{827E0CD3-B72D-47B6-A68D-7590B98EB39B}"
EndProject
Project("{FAE04EC0-301F-11D3-BF4B-00C04F79EFBC}") = "CYAC.Formats", "src\CYAC.Formats\CYAC.Formats.csproj", "{0C6F2F22-6864-460C-9275-85A889B27221}"
EndProject
Project("{FAE04EC0-301F-11D3-BF4B-00C04F79EFBC}") = "CYAC.Port.Core", "src\CYAC.Port.Core\CYAC.Port.Core.csproj", "{305883B6-140F-4CA4-81A2-98DDACB5FD06}"
EndProject
Project("{FAE04EC0-301F-11D3-BF4B-00C04F79EFBC}") = "CYAC.Port.Render", "src\CYAC.Port.Render\CYAC.Port.Render.csproj", "{E32B900B-5B1E-48A9-BB34-46F6BDA37C1A}"
EndProject
Project("{FAE04EC0-301F-11D3-BF4B-00C04F79EFBC}") = "CYAC.Port.Audio", "src\CYAC.Port.Audio\CYAC.Port.Audio.csproj", "{DECE0D22-15D8-406B-84E5-845FC12051BA}"
EndProject
Project("{FAE04EC0-301F-11D3-BF4B-00C04F79EFBC}") = "CYAC.Port.Transform", "src\CYAC.Port.Transform\CYAC.Port.Transform.csproj", "{BA1CAC26-50E8-448E-A8EF-05F6FF88F600}"
EndProject
Project("{FAE04EC0-301F-11D3-BF4B-00C04F79EFBC}") = "CYAC.Port.Host", "src\CYAC.Port.Host\CYAC.Port.Host.csproj", "{DF7B114D-4CC7-422E-A090-FE76574445EE}"
EndProject
Project("{2150E333-8FDC-42A3-9474-1A3956D46DE8}") = "external", "external", "{A288BEE0-695A-BEEA-455C-649571D89326}"
EndProject
Project("{2150E333-8FDC-42A3-9474-1A3956D46DE8}") = "mode-13hx", "mode-13hx", "{D030B4EA-3161-3745-CEA6-8820193E0D0D}"
EndProject
Project("{2150E333-8FDC-42A3-9474-1A3956D46DE8}") = "src", "src", "{494653DA-E080-B74E-1381-E2E3F8AE6402}"
EndProject
Project("{FAE04EC0-301F-11D3-BF4B-00C04F79EFBC}") = "mode13hx", "external\mode-13hx\src\mode13hx.csproj", "{9505D01A-6624-4E83-9665-8E8BA366C82E}"
EndProject
Project("{FAE04EC0-301F-11D3-BF4B-00C04F79EFBC}") = "CYAC.Port.Preflight", "src\CYAC.Port.Preflight\CYAC.Port.Preflight.csproj", "{41B80E3D-58AA-4157-98F7-AE03D53F1A33}"
EndProject
Global
	GlobalSection(SolutionConfigurationPlatforms) = preSolution
		Debug|Any CPU = Debug|Any CPU
		Debug|x64 = Debug|x64
		Debug|x86 = Debug|x86
		Release|Any CPU = Release|Any CPU
		Release|x64 = Release|x64
		Release|x86 = Release|x86
	EndGlobalSection
	GlobalSection(ProjectConfigurationPlatforms) = postSolution
		{0C6F2F22-6864-460C-9275-85A889B27221}.Debug|Any CPU.ActiveCfg = Debug|Any CPU
		{0C6F2F22-6864-460C-9275-85A889B27221}.Debug|Any CPU.Build.0 = Debug|Any CPU
		{0C6F2F22-6864-460C-9275-85A889B27221}.Debug|x64.ActiveCfg = Debug|Any CPU
		{0C6F2F22-6864-460C-9275-85A889B27221}.Debug|x64.Build.0 = Debug|Any CPU
		{0C6F2F22-6864-460C-9275-85A889B27221}.Debug|x86.ActiveCfg = Debug|Any CPU
		{0C6F2F22-6864-460C-9275-85A889B27221}.Debug|x86.Build.0 = Debug|Any CPU
		{0C6F2F22-6864-460C-9275-85A889B27221}.Release|Any CPU.ActiveCfg = Release|Any CPU
		{0C6F2F22-6864-460C-9275-85A889B27221}.Release|Any CPU.Build.0 = Release|Any CPU
		{0C6F2F22-6864-460C-9275-85A889B27221}.Release|x64.ActiveCfg = Release|Any CPU
		{0C6F2F22-6864-460C-9275-85A889B27221}.Release|x64.Build.0 = Release|Any CPU
		{0C6F2F22-6864-460C-9275-85A889B27221}.Release|x86.ActiveCfg = Release|Any CPU
		{0C6F2F22-6864-460C-9275-85A889B27221}.Release|x86.Build.0 = Release|Any CPU
		{305883B6-140F-4CA4-81A2-98DDACB5FD06}.Debug|Any CPU.ActiveCfg = Debug|Any CPU
		{305883B6-140F-4CA4-81A2-98DDACB5FD06}.Debug|Any CPU.Build.0 = Debug|Any CPU
		{305883B6-140F-4CA4-81A2-98DDACB5FD06}.Debug|x64.ActiveCfg = Debug|Any CPU
		{305883B6-140F-4CA4-81A2-98DDACB5FD06}.Debug|x64.Build.0 = Debug|Any CPU
		{305883B6-140F-4CA4-81A2-98DDACB5FD06}.Debug|x86.ActiveCfg = Debug|Any CPU
		{305883B6-140F-4CA4-81A2-98DDACB5FD06}.Debug|x86.Build.0 = Debug|Any CPU
		{305883B6-140F-4CA4-81A2-98DDACB5FD06}.Release|Any CPU.ActiveCfg = Release|Any CPU
		{305883B6-140F-4CA4-81A2-98DDACB5FD06}.Release|Any CPU.Build.0 = Release|Any CPU
		{305883B6-140F-4CA4-81A2-98DDACB5FD06}.Release|x64.ActiveCfg = Release|Any CPU
		{305883B6-140F-4CA4-81A2-98DDACB5FD06}.Release|x64.Build.0 = Release|Any CPU
		{305883B6-140F-4CA4-81A2-98DDACB5FD06}.Release|x86.ActiveCfg = Release|Any CPU
		{305883B6-140F-4CA4-81A2-98DDACB5FD06}.Release|x86.Build.0 = Release|Any CPU
		{E32B900B-5B1E-48A9-BB34-46F6BDA37C1A}.Debug|Any CPU.ActiveCfg = Debug|Any CPU
		{E32B900B-5B1E-48A9-BB34-46F6BDA37C1A}.Debug|Any CPU.Build.0 = Debug|Any CPU
		{E32B900B-5B1E-48A9-BB34-46F6BDA37C1A}.Debug|x64.ActiveCfg = Debug|Any CPU
		{E32B900B-5B1E-48A9-BB34-46F6BDA37C1A}.Debug|x64.Build.0 = Debug|Any CPU
		{E32B900B-5B1E-48A9-BB34-46F6BDA37C1A}.Debug|x86.ActiveCfg = Debug|Any CPU
		{E32B900B-5B1E-48A9-BB34-46F6BDA37C1A}.Debug|x86.Build.0 = Debug|Any CPU
		{E32B900B-5B1E-48A9-BB34-46F6BDA37C1A}.Release|Any CPU.ActiveCfg = Release|Any CPU
		{E32B900B-5B1E-48A9-BB34-46F6BDA37C1A}.Release|Any CPU.Build.0 = Release|Any CPU
		{E32B900B-5B1E-48A9-BB34-46F6BDA37C1A}.Release|x64.ActiveCfg = Release|Any CPU
		{E32B900B-5B1E-48A9-BB34-46F6BDA37C1A}.Release|x64.Build.0 = Release|Any CPU
		{E32B900B-5B1E-48A9-BB34-46F6BDA37C1A}.Release|x86.ActiveCfg = Release|Any CPU
		{E32B900B-5B1E-48A9-BB34-46F6BDA37C1A}.Release|x86.Build.0 = Release|Any CPU
		{DECE0D22-15D8-406B-84E5-845FC12051BA}.Debug|Any CPU.ActiveCfg = Debug|Any CPU
		{DECE0D22-15D8-406B-84E5-845FC12051BA}.Debug|Any CPU.Build.0 = Debug|Any CPU
		{DECE0D22-15D8-406B-84E5-845FC12051BA}.Debug|x64.ActiveCfg = Debug|Any CPU
		{DECE0D22-15D8-406B-84E5-845FC12051BA}.Debug|x64.Build.0 = Debug|Any CPU
		{DECE0D22-15D8-406B-84E5-845FC12051BA}.Debug|x86.ActiveCfg = Debug|Any CPU
		{DECE0D22-15D8-406B-84E5-845FC12051BA}.Debug|x86.Build.0 = Debug|Any CPU
		{DECE0D22-15D8-406B-84E5-845FC12051BA}.Release|Any CPU.ActiveCfg = Release|Any CPU
		{DECE0D22-15D8-406B-84E5-845FC12051BA}.Release|Any CPU.Build.0 = Release|Any CPU
		{DECE0D22-15D8-406B-84E5-845FC12051BA}.Release|x64.ActiveCfg = Release|Any CPU
		{DECE0D22-15D8-406B-84E5-845FC12051BA}.Release|x64.Build.0 = Release|Any CPU
		{DECE0D22-15D8-406B-84E5-845FC12051BA}.Release|x86.ActiveCfg = Release|Any CPU
		{DECE0D22-15D8-406B-84E5-845FC12051BA}.Release|x86.Build.0 = Release|Any CPU
		{BA1CAC26-50E8-448E-A8EF-05F6FF88F600}.Debug|Any CPU.ActiveCfg = Debug|Any CPU
		{BA1CAC26-50E8-448E-A8EF-05F6FF88F600}.Debug|Any CPU.Build.0 = Debug|Any CPU
		{BA1CAC26-50E8-448E-A8EF-05F6FF88F600}.Debug|x64.ActiveCfg = Debug|Any CPU
		{BA1CAC26-50E8-448E-A8EF-05F6FF88F600}.Debug|x64.Build.0 = Debug|Any CPU
		{BA1CAC26-50E8-448E-A8EF-05F6FF88F600}.Debug|x86.ActiveCfg = Debug|Any CPU
		{BA1CAC26-50E8-448E-A8EF-05F6FF88F600}.Debug|x86.Build.0 = Debug|Any CPU
		{BA1CAC26-50E8-448E-A8EF-05F6FF88F600}.Release|Any CPU.ActiveCfg = Release|Any CPU
		{BA1CAC26-50E8-448E-A8EF-05F6FF88F600}.Release|Any CPU.Build.0 = Release|Any CPU
		{BA1CAC26-50E8-448E-A8EF-05F6FF88F600}.Release|x64.ActiveCfg = Release|Any CPU
		{BA1CAC26-50E8-448E-A8EF-05F6FF88F600}.Release|x64.Build.0 = Release|Any CPU
		{BA1CAC26-50E8-448E-A8EF-05F6FF88F600}.Release|x86.ActiveCfg = Release|Any CPU
		{BA1CAC26-50E8-448E-A8EF-05F6FF88F600}.Release|x86.Build.0 = Release|Any CPU
		{DF7B114D-4CC7-422E-A090-FE76574445EE}.Debug|Any CPU.ActiveCfg = Debug|Any CPU
		{DF7B114D-4CC7-422E-A090-FE76574445EE}.Debug|Any CPU.Build.0 = Debug|Any CPU
		{DF7B114D-4CC7-422E-A090-FE76574445EE}.Debug|x64.ActiveCfg = Debug|Any CPU
		{DF7B114D-4CC7-422E-A090-FE76574445EE}.Debug|x64.Build.0 = Debug|Any CPU
		{DF7B114D-4CC7-422E-A090-FE76574445EE}.Debug|x86.ActiveCfg = Debug|Any CPU
		{DF7B114D-4CC7-422E-A090-FE76574445EE}.Debug|x86.Build.0 = Debug|Any CPU
		{DF7B114D-4CC7-422E-A090-FE76574445EE}.Release|Any CPU.ActiveCfg = Release|Any CPU
		{DF7B114D-4CC7-422E-A090-FE76574445EE}.Release|Any CPU.Build.0 = Release|Any CPU
		{DF7B114D-4CC7-422E-A090-FE76574445EE}.Release|x64.ActiveCfg = Release|Any CPU
		{DF7B114D-4CC7-422E-A090-FE76574445EE}.Release|x64.Build.0 = Release|Any CPU
		{DF7B114D-4CC7-422E-A090-FE76574445EE}.Release|x86.ActiveCfg = Release|Any CPU
		{DF7B114D-4CC7-422E-A090-FE76574445EE}.Release|x86.Build.0 = Release|Any CPU
		{9505D01A-6624-4E83-9665-8E8BA366C82E}.Debug|Any CPU.ActiveCfg = Debug|Any CPU
		{9505D01A-6624-4E83-9665-8E8BA366C82E}.Debug|Any CPU.Build.0 = Debug|Any CPU
		{9505D01A-6624-4E83-9665-8E8BA366C82E}.Debug|x64.ActiveCfg = Debug|Any CPU
		{9505D01A-6624-4E83-9665-8E8BA366C82E}.Debug|x64.Build.0 = Debug|Any CPU
		{9505D01A-6624-4E83-9665-8E8BA366C82E}.Debug|x86.ActiveCfg = Debug|Any CPU
		{9505D01A-6624-4E83-9665-8E8BA366C82E}.Debug|x86.Build.0 = Debug|Any CPU
		{9505D01A-6624-4E83-9665-8E8BA366C82E}.Release|Any CPU.ActiveCfg = Release|Any CPU
		{9505D01A-6624-4E83-9665-8E8BA366C82E}.Release|Any CPU.Build.0 = Release|Any CPU
		{9505D01A-6624-4E83-9665-8E8BA366C82E}.Release|x64.ActiveCfg = Release|Any CPU
		{9505D01A-6624-4E83-9665-8E8BA366C82E}.Release|x64.Build.0 = Release|Any CPU
		{9505D01A-6624-4E83-9665-8E8BA366C82E}.Release|x86.ActiveCfg = Release|Any CPU
		{9505D01A-6624-4E83-9665-8E8BA366C82E}.Release|x86.Build.0 = Release|Any CPU
		{41B80E3D-58AA-4157-98F7-AE03D53F1A33}.Debug|Any CPU.ActiveCfg = Debug|Any CPU
		{41B80E3D-58AA-4157-98F7-AE03D53F1A33}.Debug|Any CPU.Build.0 = Debug|Any CPU
		{41B80E3D-58AA-4157-98F7-AE03D53F1A33}.Debug|x64.ActiveCfg = Debug|Any CPU
		{41B80E3D-58AA-4157-98F7-AE03D53F1A33}.Debug|x64.Build.0 = Debug|Any CPU
		{41B80E3D-58AA-4157-98F7-AE03D53F1A33}.Debug|x86.ActiveCfg = Debug|Any CPU
		{41B80E3D-58AA-4157-98F7-AE03D53F1A33}.Debug|x86.Build.0 = Debug|Any CPU
		{41B80E3D-58AA-4157-98F7-AE03D53F1A33}.Release|Any CPU.ActiveCfg = Release|Any CPU
		{41B80E3D-58AA-4157-98F7-AE03D53F1A33}.Release|Any CPU.Build.0 = Release|Any CPU
		{41B80E3D-58AA-4157-98F7-AE03D53F1A33}.Release|x64.ActiveCfg = Release|Any CPU
		{41B80E3D-58AA-4157-98F7-AE03D53F1A33}.Release|x64.Build.0 = Release|Any CPU
		{41B80E3D-58AA-4157-98F7-AE03D53F1A33}.Release|x86.ActiveCfg = Release|Any CPU
		{41B80E3D-58AA-4157-98F7-AE03D53F1A33}.Release|x86.Build.0 = Release|Any CPU
	EndGlobalSection
	GlobalSection(SolutionProperties) = preSolution
		HideSolutionNode = FALSE
	EndGlobalSection
	GlobalSection(NestedProjects) = preSolution
		{0C6F2F22-6864-460C-9275-85A889B27221} = {827E0CD3-B72D-47B6-A68D-7590B98EB39B}
		{305883B6-140F-4CA4-81A2-98DDACB5FD06} = {827E0CD3-B72D-47B6-A68D-7590B98EB39B}
		{E32B900B-5B1E-48A9-BB34-46F6BDA37C1A} = {827E0CD3-B72D-47B6-A68D-7590B98EB39B}
		{DECE0D22-15D8-406B-84E5-845FC12051BA} = {827E0CD3-B72D-47B6-A68D-7590B98EB39B}
		{BA1CAC26-50E8-448E-A8EF-05F6FF88F600} = {827E0CD3-B72D-47B6-A68D-7590B98EB39B}
		{DF7B114D-4CC7-422E-A090-FE76574445EE} = {827E0CD3-B72D-47B6-A68D-7590B98EB39B}
		{D030B4EA-3161-3745-CEA6-8820193E0D0D} = {A288BEE0-695A-BEEA-455C-649571D89326}
		{494653DA-E080-B74E-1381-E2E3F8AE6402} = {D030B4EA-3161-3745-CEA6-8820193E0D0D}
		{9505D01A-6624-4E83-9665-8E8BA366C82E} = {494653DA-E080-B74E-1381-E2E3F8AE6402}
		{41B80E3D-58AA-4157-98F7-AE03D53F1A33} = {827E0CD3-B72D-47B6-A68D-7590B98EB39B}
	EndGlobalSection
EndGlobal
